// !$*UTF8*$!
{
	archiveVersion = 1;
	classes = {
	};
	objectVersion = 46;
	objects = {

/* Begin PBXBuildFile section */
		32D5B4F91E298CDB00CB39A4 /* AppDelegate.swift in Sources */ = {isa = PBXBuildFile; fileRef = 32D5B4F81E298CDB00CB39A4 /* AppDelegate.swift */; };
		32D5B4FB1E298CDB00CB39A4 /* ViewController.swift in Sources */ = {isa = PBXBuildFile; fileRef = 32D5B4FA1E298CDB00CB39A4 /* ViewController.swift */; };
		32D5B4FE1E298CDB00CB39A4 /* Main.storyboard in Resources */ = {isa = PBXBuildFile; fileRef = 32D5B4FC1E298CDB00CB39A4 /* Main.storyboard */; };
		32D5B5001E298CDB00CB39A4 /* Assets.xcassets in Resources */ = {isa = PBXBuildFile; fileRef = 32D5B4FF1E298CDB00CB39A4 /* Assets.xcassets */; };
		32D5B5031E298CDB00CB39A4 /* LaunchScreen.storyboard in Resources */ = {isa = PBXBuildFile; fileRef = 32D5B5011E298CDB00CB39A4 /* LaunchScreen.storyboard */; };
		32D5B50E1E298CDB00CB39A4 /* tippyTests.swift in Sources */ = {isa = PBXBuildFile; fileRef = 32D5B50D1E298CDB00CB39A4 /* tippyTests.swift */; };
		32D5B5191E298CDB00CB39A4 /* tippyUITests.swift in Sources */ = {isa = PBXBuildFile; fileRef = 32D5B5181E298CDB00CB39A4 /* tippyUITests.swift */; };
/* End PBXBuildFile section */

/* Begin PBXContainerItemProxy section */
		32D5B50A1E298CDB00CB39A4 /* PBXContainerItemProxy */ = {
			isa = PBXContainerItemProxy;
			containerPortal = 32D5B4ED1E298CDB00CB39A4 /* Project object */;
			proxyType = 1;
			remoteGlobalIDString = 32D5B4F41E298CDB00CB39A4;
			remoteInfo = tippy;
		};
		32D5B5151E298CDB00CB39A4 /* PBXContainerItemProxy */ = {
			isa = PBXContainerItemProxy;
			containerPortal = 32D5B4ED1E298CDB00CB39A4 /* Project object */;
			proxyType = 1;
			remoteGlobalIDString = 32D5B4F41E298CDB00CB39A4;
			remoteInfo = tippy;
		};
/* End PBXContainerItemProxy section */

/* Begin PBXFileReference section */
		32D5B4F51E298CDB00CB39A4 /* tippy.app */ = {isa = PBXFileReference; explicitFileType = wrapper.application; includeInIndex = 0; path = tippy.app; sourceTree = BUILT_PRODUCTS_DIR; };
		32D5B4F81E298CDB00CB39A4 /* AppDelegate.swift */ = {isa = PBXFileReference; lastKnownFileType = sourcecode.swift; path = AppDelegate.swift; sourceTree = "<group>"; };
		32D5B4FA1E298CDB00CB39A4 /* ViewController.swift */ = {isa = PBXFileReference; lastKnownFileType = sourcecode.swift; path = ViewController.swift; sourceTree = "<group>"; };
		32D5B4FD1E298CDB00CB39A4 /* Base */ = {isa = PBXFileReference; lastKnownFileType = file.storyboard; name = Base; path = Base.lproj/Main.storyboard; sourceTree = "<group>"; };
		32D5B4FF1E298CDB00CB39A4 /* Assets.xcassets */ = {isa = PBXFileReference; lastKnownFileType = folder.assetcatalog; path = Assets.xcassets; sourceTree = "<group>"; };
		32D5B5021E298CDB00CB39A4 /* Base */ = {isa = PBXFileReference; lastKnownFileType = file.storyboard; name = Base; path = Base.lproj/LaunchScreen.storyboard; sourceTree = "<group>"; };
		32D5B5041E298CDB00CB39A4 /* Info.plist */ = {isa = PBXFileReference; lastKnownFileType = text.plist.xml; path = Info.plist; sourceTree = "<group>"; };
		32D5B5091E298CDB00CB39A4 /* tippyTests.xctest */ = {isa = PBXFileReference; explicitFileType = wrapper.cfbundle; includeInIndex = 0; path = tippyTests.xctest; sourceTree = BUILT_PRODUCTS_DIR; };
		32D5B50D1E298CDB00CB39A4 /* tippyTests.swift */ = {isa = PBXFileReference; lastKnownFileType = sourcecode.swift; path = tippyTests.swift; sourceTree = "<group>"; };
		32D5B50F1E298CDB00CB39A4 /* Info.plist */ = {isa = PBXFileReference; lastKnownFileType = text.plist.xml; path = Info.plist; sourceTree = "<group>"; };
		32D5B5141E298CDB00CB39A4 /* tippyUITests.xctest */ = {isa = PBXFileReference; explicitFileType = wrapper.cfbundle; includeInIndex = 0; path = tippyUITests.xctest; sourceTree = BUILT_PRODUCTS_DIR; };
		32D5B5181E298CDB00CB39A4 /* tippyUITests.swift */ = {isa = PBXFileReference; lastKnownFileType = sourcecode.swift; path = tippyUITests.swift; sourceTree = "<group>"; };
		32D5B51A1E298CDB00CB39A4 /* Info.plist */ = {isa = PBXFileReference; lastKnownFileType = text.plist.xml; path = Info.plist; sourceTree = "<group>"; };
/* End PBXFileReference section */

/* Begin PBXFrameworksBuildPhase section */
		32D5B4F21E298CDB00CB39A4 /* Frameworks */ = {
			isa = PBXFrameworksBuildPhase;
			buildActionMask = 2147483647;
			files = (
			);
			runOnlyForDeploymentPostprocessing = 0;
		};
		32D5B5061E298CDB00CB39A4 /* Frameworks */ = {
			isa = PBXFrameworksBuildPhase;
			buildActionMask = 2147483647;
			files = (
			);
			runOnlyForDeploymentPostprocessing = 0;
		};
		32D5B5111E298CDB00CB39A4 /* Frameworks */ = {
			isa = PBXFrameworksBuildPhase;
			buildActionMask = 2147483647;
			files = (
			);
			runOnlyForDeploymentPostprocessing = 0;
		};
/* End PBXFrameworksBuildPhase section */

/* Begin PBXGroup section */
		32D5B4EC1E298CDB00CB39A4 = {
			isa = PBXGroup;
			children = (
				32D5B4F71E298CDB00CB39A4 /* tippy */,
				32D5B50C1E298CDB00CB39A4 /* tippyTests */,
				32D5B5171E298CDB00CB39A4 /* tippyUITests */,
				32D5B4F61E298CDB00CB39A4 /* Products */,
			);
			sourceTree = "<group>";
		};
		32D5B4F61E298CDB00CB39A4 /* Products */ = {
			isa = PBXGroup;
			children = (
				32D5B4F51E298CDB00CB39A4 /* tippy.app */,
				32D5B5091E298CDB00CB39A4 /* tippyTests.xctest */,
				32D5B5141E298CDB00CB39A4 /* tippyUITests.xctest */,
			);
			name = Products;
			sourceTree = "<group>";
		};
		32D5B4F71E298CDB00CB39A4 /* tippy */ = {
			isa = PBXGroup;
			children = (
				32D5B4F81E298CDB00CB39A4 /* AppDelegate.swift */,
				32D5B4FA1E298CDB00CB39A4 /* ViewController.swift */,
				32D5B4FC1E298CDB00CB39A4 /* Main.storyboard */,
				32D5B4FF1E298CDB00CB39A4 /* Assets.xcassets */,
				32D5B5011E298CDB00CB39A4 /* LaunchScreen.storyboard */,
				32D5B5041E298CDB00CB39A4 /* Info.plist */,
			);
			path = tippy;
			sourceTree = "<group>";
		};
		32D5B50C1E298CDB00CB39A4 /* tippyTests */ = {
			isa = PBXGroup;
			children = (
				32D5B50D1E298CDB00CB39A4 /* tippyTests.swift */,
				32D5B50F1E298CDB00CB39A4 /* Info.plist */,
			);
			path = tippyTests;
			sourceTree = "<group>";
		};
		32D5B5171E298CDB00CB39A4 /* tippyUITests */ = {
			isa = PBXGroup;
			children = (
				32D5B5181E298CDB00CB39A4 /* tippyUITests.swift */,
				32D5B51A1E298CDB00CB39A4 /* Info.plist */,
			);
			path = tippyUITests;
			sourceTree = "<group>";
		};
/* End PBXGroup section */

/* Begin PBXNativeTarget section */
		32D5B4F41E298CDB00CB39A4 /* tippy */ = {
			isa = PBXNativeTarget;
			buildConfigurationList = 32D5B51D1E298CDB00CB39A4 /* Build configuration list for PBXNativeTarget "tippy" */;
			buildPhases = (
				32D5B4F11E298CDB00CB39A4 /* Sources */,
				32D5B4F21E298CDB00CB39A4 /* Frameworks */,
				32D5B4F31E298CDB00CB39A4 /* Resources */,
			);
			buildRules = (
			);
			dependencies = (
			);
			name = tippy;
			productName = tippy;
			productReference = 32D5B4F51E298CDB00CB39A4 /* tippy.app */;
			productType = "com.apple.product-type.application";
		};
		32D5B5081E298CDB00CB39A4 /* tippyTests */ = {
			isa = PBXNativeTarget;
			buildConfigurationList = 32D5B5201E298CDB00CB39A4 /* Build configuration list for PBXNativeTarget "tippyTests" */;
			buildPhases = (
				32D5B5051E298CDB00CB39A4 /* Sources */,
				32D5B5061E298CDB00CB39A4 /* Frameworks */,
				32D5B5071E298CDB00CB39A4 /* Resources */,
			);
			buildRules = (
			);
			dependencies = (
				32D5B50B1E298CDB00CB39A4 /* PBXTargetDependency */,
			);
			name = tippyTests;
			productName = tippyTests;
			productReference = 32D5B5091E298CDB00CB39A4 /* tippyTests.xctest */;
			productType = "com.apple.product-type.bundle.unit-test";
		};
		32D5B5131E298CDB00CB39A4 /* tippyUITests */ = {
			isa = PBXNativeTarget;
			buildConfigurationList = 32D5B5231E298CDB00CB39A4 /* Build configuration list for PBXNativeTarget "tippyUITests" */;
			buildPhases = (
				32D5B5101E298CDB00CB39A4 /* Sources */,
				32D5B5111E298CDB00CB39A4 /* Frameworks */,
				32D5B5121E298CDB00CB39A4 /* Resources */,
			);
			buildRules = (
			);
			dependencies = (
				32D5B5161E298CDB00CB39A4 /* PBXTargetDependency */,
			);
			name = tippyUITests;
			productName = tippyUITests;
			productReference = 32D5B5141E298CDB00CB39A4 /* tippyUITests.xctest */;
			productType = "com.apple.product-type.bundle.ui-testing";
		};
/* End PBXNativeTarget section */

/* Begin PBXProject section */
		32D5B4ED1E298CDB00CB39A4 /* Project object */ = {
			isa = PBXProject;
			attributes = {
				LastSwiftUpdateCheck = 0730;
				LastUpgradeCheck = 0730;
				ORGANIZATIONNAME = "Patience Osei";
				TargetAttributes = {
					32D5B4F41E298CDB00CB39A4 = {
						CreatedOnToolsVersion = 7.3;
					};
					32D5B5081E298CDB00CB39A4 = {
						CreatedOnToolsVersion = 7.3;
						TestTargetID = 32D5B4F41E298CDB00CB39A4;
					};
					32D5B5131E298CDB00CB39A4 = {
						CreatedOnToolsVersion = 7.3;
						TestTargetID = 32D5B4F41E298CDB00CB39A4;
					};
				};
			};
			buildConfigurationList = 32D5B4F01E298CDB00CB39A4 /* Build configuration list for PBXProject "tippy" */;
			compatibilityVersion = "Xcode 3.2";
			developmentRegion = English;
			hasScannedForEncodings = 0;
			knownRegions = (
				en,
				Base,
			);
			mainGroup = 32D5B4EC1E298CDB00CB39A4;
			productRefGroup = 32D5B4F61E298CDB00CB39A4 /* Products */;
			projectDirPath = "";
			projectRoot = "";
			targets = (
				32D5B4F41E298CDB00CB39A4 /* tippy */,
				32D5B5081E298CDB00CB39A4 /* tippyTests */,
				32D5B5131E298CDB00CB39A4 /* tippyUITests */,
			);
		};
/* End PBXProject section */

/* Begin PBXResourcesBuildPhase section */
		32D5B4F31E298CDB00CB39A4 /* Resources */ = {
			isa = PBXResourcesBuildPhase;
			buildActionMask = 2147483647;
			files = (
				32D5B5031E298CDB00CB39A4 /* LaunchScreen.storyboard in Resources */,
				32D5B5001E298CDB00CB39A4 /* Assets.xcassets in Resources */,
				32D5B4FE1E298CDB00CB39A4 /* Main.storyboard in Resources */,
			);
			runOnlyForDeploymentPostprocessing = 0;
		};
		32D5B5071E298CDB00CB39A4 /* Resources */ = {
			isa = PBXResourcesBuildPhase;
			buildActionMask = 2147483647;
			files = (
			);
			runOnlyForDeploymentPostprocessing = 0;
		};
		32D5B5121E298CDB00CB39A4 /* Resources */ = {
			isa = PBXResourcesBuildPhase;
			buildActionMask = 2147483647;
			files = (
			);
			runOnlyForDeploymentPostprocessing = 0;
		};
/* End PBXResourcesBuildPhase section */

/* Begin PBXSourcesBuildPhase section */
		32D5B4F11E298CDB00CB39A4 /* Sources */ = {
			isa = PBXSourcesBuildPhase;
			buildActionMask = 2147483647;
			files = (
				32D5B4FB1E298CDB00CB39A4 /* ViewController.swift in Sources */,
				32D5B4F91E298CDB00CB39A4 /* AppDelegate.swift in Sources */,
			);
			runOnlyForDeploymentPostprocessing = 0;
		};
		32D5B5051E298CDB00CB39A4 /* Sources */ = {
			isa = PBXSourcesBuildPhase;
			buildActionMask = 2147483647;
			files = (
				32D5B50E1E298CDB00CB39A4 /* tippyTests.swift in Sources */,
			);
			runOnlyForDeploymentPostprocessing = 0;
		};
		32D5B5101E298CDB00CB39A4 /* Sources */ = {
			isa = PBXSourcesBuildPhase;
			buildActionMask = 2147483647;
			files = (
				32D5B5191E298CDB00CB39A4 /* tippyUITests.swift in Sources */,
			);
			runOnlyForDeploymentPostprocessing = 0;
		};
/* End PBXSourcesBuildPhase section */

/* Begin PBXTargetDependency section */
		32D5B50B1E298CDB00CB39A4 /* PBXTargetDependency */ = {
			isa = PBXTargetDependency;
			target = 32D5B4F41E298CDB00CB39A4 /* tippy */;
			targetProxy = 32D5B50A1E298CDB00CB39A4 /* PBXContainerItemProxy */;
		};
		32D5B5161E298CDB00CB39A4 /* PBXTargetDependency */ = {
			isa = PBXTargetDependency;
			target = 32D5B4F41E298CDB00CB39A4 /* tippy */;
			targetProxy = 32D5B5151E298CDB00CB39A4 /* PBXContainerItemProxy */;
		};
/* End PBXTargetDependency section */

/* Begin PBXVariantGroup section */
		32D5B4FC1E298CDB00CB39A4 /* Main.storyboard */ = {
			isa = PBXVariantGroup;
			children = (
				32D5B4FD1E298CDB00CB39A4 /* Base */,
			);
			name = Main.storyboard;
			sourceTree = "<group>";
		};
		32D5B5011E298CDB00CB39A4 /* LaunchScreen.storyboard */ = {
			isa = PBXVariantGroup;
			children = (
				32D5B5021E298CDB00CB39A4 /* Base */,
			);
			name = LaunchScreen.storyboard;
			sourceTree = "<group>";
		};
/* End PBXVariantGroup section */

/* Begin XCBuildConfiguration section */
		32D5B51B1E298CDB00CB39A4 /* Debug */ = {
			isa = XCBuildConfiguration;
			buildSettings = {
				ALWAYS_SEARCH_USER_PATHS = NO;
				CLANG_ANALYZER_NONNULL = YES;
				CLANG_CXX_LANGUAGE_STANDARD = "gnu++0x";
				CLANG_CXX_LIBRARY = "libc++";
				CLANG_ENABLE_MODULES = YES;
				CLANG_ENABLE_OBJC_ARC = YES;
				CLANG_WARN_BOOL_CONVERSION = YES;
				CLANG_WARN_CONSTANT_CONVERSION = YES;
				CLANG_WARN_DIRECT_OBJC_ISA_USAGE = YES_ERROR;
				CLANG_WARN_EMPTY_BODY = YES;
				CLANG_WARN_ENUM_CONVERSION = YES;
				CLANG_WARN_INT_CONVERSION = YES;
				CLANG_WARN_OBJC_ROOT_CLASS = YES_ERROR;
				CLANG_WARN_UNREACHABLE_CODE = YES;
				CLANG_WARN__DUPLICATE_METHOD_MATCH = YES;
				"CODE_SIGN_IDENTITY[sdk=iphoneos*]" = "iPhone Developer";
				COPY_PHASE_STRIP = NO;
				DEBUG_INFORMATION_FORMAT = dwarf;
				ENABLE_STRICT_OBJC_MSGSEND = YES;
				ENABLE_TESTABILITY = YES;
				GCC_C_LANGUAGE_STANDARD = gnu99;
				GCC_DYNAMIC_NO_PIC = NO;
				GCC_NO_COMMON_BLOCKS = YES;
				GCC_OPTIMIZATION_LEVEL = 0;
				GCC_PREPROCESSOR_DEFINITIONS = (
					"DEBUG=1",
					"$(inherited)",
				);
				GCC_WARN_64_TO_32_BIT_CONVERSION = YES;
				GCC_WARN_ABOUT_RETURN_TYPE = YES_ERROR;
				GCC_WARN_UNDECLARED_SELECTOR = YES;
				GCC_WARN_UNINITIALIZED_AUTOS = YES_AGGRESSIVE;
				GCC_WARN_UNUSED_FUNCTION = YES;
				GCC_WARN_UNUSED_VARIABLE = YES;
				IPHONEOS_DEPLOYMENT_TARGET = 9.3;
				MTL_ENABLE_DEBUG_INFO = YES;
				ONLY_ACTIVE_ARCH = YES;
				SDKROOT = iphoneos;
				SWIFT_OPTIMIZATION_LEVEL = "-Onone";
			};
			name = Debug;
		};
		32D5B51C1E298CDB00CB39A4 /* Release */ = {
			isa = XCBuildConfiguration;
			buildSettings = {
				ALWAYS_SEARCH_USER_PATHS = NO;
				CLANG_ANALYZER_NONNULL = YES;
				CLANG_CXX_LANGUAGE_STANDARD = "gnu++0x";
				CLANG_CXX_LIBRARY = "libc++";
				CLANG_ENABLE_MODULES = YES;
				CLANG_ENABLE_OBJC_ARC = YES;
				CLANG_WARN_BOOL_CONVERSION = YES;
				CLANG_WARN_CONSTANT_CONVERSION = YES;
				CLANG_WARN_DIRECT_OBJC_ISA_USAGE = YES_ERROR;
				CLANG_WARN_EMPTY_BODY = YES;
				CLANG_WARN_ENUM_CONVERSION = YES;
				CLANG_WARN_INT_CONVERSION = YES;
				CLANG_WARN_OBJC_ROOT_CLASS = YES_ERROR;
				CLANG_WARN_UNREACHABLE_CODE = YES;
				CLANG_WARN__DUPLICATE_METHOD_MATCH = YES;
				"CODE_SIGN_IDENTITY[sdk=iphoneos*]" = "iPhone Developer";
				COPY_PHASE_STRIP = NO;
				DEBUG_INFORMATION_FORMAT = "dwarf-with-dsym";
				ENABLE_NS_ASSERTIONS = NO;
				ENABLE_STRICT_OBJC_MSGSEND = YES;
				GCC_C_LANGUAGE_STANDARD = gnu99;
				GCC_NO_COMMON_BLOCKS = YES;
				GCC_WARN_64_TO_32_BIT_CONVERSION = YES;
				GCC_WARN_ABOUT_RETURN_TYPE = YES_ERROR;
				GCC_WARN_UNDECLARED_SELECTOR = YES;
				GCC_WARN_UNINITIALIZED_AUTOS = YES_AGGRESSIVE;
				GCC_WARN_UNUSED_FUNCTION = YES;
				GCC_WARN_UNUSED_VARIABLE = YES;
				IPHONEOS_DEPLOYMENT_TARGET = 9.3;
				MTL_ENABLE_DEBUG_INFO = NO;
				SDKROOT = iphoneos;
				VALIDATE_PRODUCT = YES;
			};
			name = Release;
		};
		32D5B51E1E298CDB00CB39A4 /* Debug */ = {
			isa = XCBuildConfiguration;
			buildSettings = {
				ASSETCATALOG_COMPILER_APPICON_NAME = AppIcon;
				INFOPLIST_FILE = tippy/Info.plist;
				LD_RUNPATH_SEARCH_PATHS = "$(inherited) @executable_path/Frameworks";
				PRODUCT_BUNDLE_IDENTIFIER = com.dayo.tippy;
				PRODUCT_NAME = "$(TARGET_NAME)";
				TARGETED_DEVICE_FAMILY = 1;
			};
			name = Debug;
		};
		32D5B51F1E298CDB00CB39A4 /* Release */ = {
			isa = XCBuildConfiguration;
			buildSettings = {
				ASSETCATALOG_COMPILER_APPICON_NAME = AppIcon;
				INFOPLIST_FILE = tippy/Info.plist;
				LD_RUNPATH_SEARCH_PATHS = "$(inherited) @executable_path/Frameworks";
				PRODUCT_BUNDLE_IDENTIFIER = com.dayo.tippy;
				PRODUCT_NAME = "$(TARGET_NAME)";
				TARGETED_DEVICE_FAMILY = 1;
			};
			name = Release;
		};
		32D5B5211E298CDB00CB39A4 /* Debug */ = {
			isa = XCBuildConfiguration;
			buildSettings = {
				BUNDLE_LOADER = "$(TEST_HOST)";
				INFOPLIST_FILE = tippyTests/Info.plist;
				LD_RUNPATH_SEARCH_PATHS = "$(inherited) @executable_path/Frameworks @loader_path/Frameworks";
				PRODUCT_BUNDLE_IDENTIFIER = com.dayo.tippyTests;
				PRODUCT_NAME = "$(TARGET_NAME)";
				TEST_HOST = "$(BUILT_PRODUCTS_DIR)/tippy.app/tippy";
			};
			name = Debug;
		};
		32D5B5221E298CDB00CB39A4 /* Release */ = {
			isa = XCBuildConfiguration;
			buildSettings = {
				BUNDLE_LOADER = "$(TEST_HOST)";
				INFOPLIST_FILE = tippyTests/Info.plist;
				LD_RUNPATH_SEARCH_PATHS = "$(inherited) @executable_path/Frameworks @loader_path/Frameworks";
				PRODUCT_BUNDLE_IDENTIFIER = com.dayo.tippyTests;
				PRODUCT_NAME = "$(TARGET_NAME)";
				TEST_HOST = "$(BUILT_PRODUCTS_DIR)/tippy.app/tippy";
			};
			name = Release;
		};
		32D5B5241E298CDB00CB39A4 /* Debug */ = {
			isa = XCBuildConfiguration;
			buildSettings = {
				INFOPLIST_FILE = tippyUITests/Info.plist;
				LD_RUNPATH_SEARCH_PATHS = "$(inherited) @executable_path/Frameworks @loader_path/Frameworks";
				PRODUCT_BUNDLE_IDENTIFIER = com.dayo.tippyUITests;
				PRODUCT_NAME = "$(TARGET_NAME)";
				TEST_TARGET_NAME = tippy;
			};
			name = Debug;
		};
		32D5B5251E298CDB00CB39A4 /* Release */ = {
			isa = XCBuildConfiguration;
			buildSettings = {
				INFOPLIST_FILE = tippyUITests/Info.plist;
				LD_RUNPATH_SEARCH_PATHS = "$(inherited) @executable_path/Frameworks @loader_path/Frameworks";
				PRODUCT_BUNDLE_IDENTIFIER = com.dayo.tippyUITests;
				PRODUCT_NAME = "$(TARGET_NAME)";
				TEST_TARGET_NAME = tippy;
			};
			name = Release;
		};
/* End XCBuildConfiguration section */

/* Begin XCConfigurationList section */
		32D5B4F01E298CDB00CB39A4 /* Build configuration list for PBXProject "tippy" */ = {
			isa = XCConfigurationList;
			buildConfigurations = (
				32D5B51B1E298CDB00CB39A4 /* Debug */,
				32D5B51C1E298CDB00CB39A4 /* Release */,
			);
			defaultConfigurationIsVisible = 0;
			defaultConfigurationName = Release;
		};
		32D5B51D1E298CDB00CB39A4 /* Build configuration list for PBXNativeTarget "tippy" */ = {
			isa = XCConfigurationList;
			buildConfigurations = (
				32D5B51E1E298CDB00CB39A4 /* Debug */,
				32D5B51F1E298CDB00CB39A4 /* Release */,
			);
			defaultConfigurationIsVisible = 0;
		};
		32D5B5201E298CDB00CB39A4 /* Build configuration list for PBXNativeTarget "tippyTests" */ = {
			isa = XCConfigurationList;
			buildConfigurations = (
				32D5B5211E298CDB00CB39A4 /* Debug */,
				32D5B5221E298CDB00CB39A4 /* Release */,
			);
			defaultConfigurationIsVisible = 0;
		};
		32D5B5231E298CDB00CB39A4 /* Build configuration list for PBXNativeTarget "tippyUITests" */ = {
			isa = XCConfigurationList;
			buildConfigurations = (
				32D5B5241E298CDB00CB39A4 /* Debug */,
				32D5B5251E298CDB00CB39A4 /* Release */,
			);
			defaultConfigurationIsVisible = 0;
		};
/* End XCConfigurationList section */
	};
	rootObject = 32D5B4ED1E298CDB00CB39A4 /* Project object */;
}
